
Microsoft Visual Studio Solution File, Format Version 12.00
# Visual Studio 15
VisualStudioVersion = 15.0.28307.539
MinimumVisualStudioVersion = 10.0.40219.1
Project("{FAE04EC0-301F-11D3-BF4B-00C04F79EFBC}") = "DataLayer", "DataLayer\DataLayer.csproj", "{A79E216D-3D19-45CE-A42E-043822E05E82}"
EndProject
Project("{FAE04EC0-301F-11D3-BF4B-00C04F79EFBC}") = "ConsoleApp", "ConsoleApp\ConsoleApp.csproj", "{4A310D9F-080E-4549-8DFA-4F8C4CF49129}"
EndProject
Global
	GlobalSection(SolutionConfigurationPlatforms) = preSolution
		Debug|Any CPU = Debug|Any CPU
		Release|Any CPU = Release|Any CPU
	EndGlobalSection
	GlobalSection(ProjectConfigurationPlatforms) = postSolution
		{A79E216D-3D19-45CE-A42E-043822E05E82}.Debug|Any CPU.ActiveCfg = Debug|Any CPU
		{A79E216D-3D19-45CE-A42E-043822E05E82}.Debug|Any CPU.Build.0 = Debug|Any CPU
		{A79E216D-3D19-45CE-A42E-043822E05E82}.Release|Any CPU.ActiveCfg = Release|Any CPU
		{A79E216D-3D19-45CE-A42E-043822E05E82}.Release|Any CPU.Build.0 = Release|Any CPU
		{4A310D9F-080E-4549-8DFA-4F8C4CF49129}.Debug|Any CPU.ActiveCfg = Debug|Any CPU
		{4A310D9F-080E-4549-8DFA-4F8C4CF49129}.Debug|Any CPU.Build.0 = Debug|Any CPU
		{4A310D9F-080E-4549-8DFA-4F8C4CF49129}.Release|Any CPU.ActiveCfg = Release|Any CPU
		{4A310D9F-080E-4549-8DFA-4F8C4CF49129}.Release|Any CPU.Build.0 = Release|Any CPU
	EndGlobalSection
	GlobalSection(SolutionProperties) = preSolution
		HideSolutionNode = FALSE
	EndGlobalSection
	GlobalSection(ExtensibilityGlobals) = postSolution
		SolutionGuid = {A53E3105-630A-4528-982C-A1DF120894E3}
	EndGlobalSection
EndGlobal
